// !$*UTF8*$!
{
	archiveVersion = 1;
	classes = {
	};
	objectVersion = 55;
	objects = {

/* Begin PBXBuildFile section */
		5A288E8C28E75F8D00865A3D /* PosterCVCell.swift in Sources */ = {isa = PBXBuildFile; fileRef = 5A288E8B28E75F8D00865A3D /* PosterCVCell.swift */; };
		5A6A074728E6F0AF00489280 /* AppDelegate.swift in Sources */ = {isa = PBXBuildFile; fileRef = 5A6A074628E6F0AF00489280 /* AppDelegate.swift */; };
		5A6A074928E6F0AF00489280 /* SceneDelegate.swift in Sources */ = {isa = PBXBuildFile; fileRef = 5A6A074828E6F0AF00489280 /* SceneDelegate.swift */; };
		5A6A074B28E6F0AF00489280 /* HomeVC.swift in Sources */ = {isa = PBXBuildFile; fileRef = 5A6A074A28E6F0AF00489280 /* HomeVC.swift */; };
		5A6A074E28E6F0AF00489280 /* Main.storyboard in Resources */ = {isa = PBXBuildFile; fileRef = 5A6A074C28E6F0AF00489280 /* Main.storyboard */; };
		5A6A075028E6F0B100489280 /* Assets.xcassets in Resources */ = {isa = PBXBuildFile; fileRef = 5A6A074F28E6F0B100489280 /* Assets.xcassets */; };
		5A6A075328E6F0B100489280 /* LaunchScreen.storyboard in Resources */ = {isa = PBXBuildFile; fileRef = 5A6A075128E6F0B100489280 /* LaunchScreen.storyboard */; };
		5A6A076428E6F14E00489280 /* CONTENTLISTINGPAGE-PAGE3.json in Resources */ = {isa = PBXBuildFile; fileRef = 5A6A076128E6F14E00489280 /* CONTENTLISTINGPAGE-PAGE3.json */; };
		5A6A076528E6F14E00489280 /* CONTENTLISTINGPAGE-PAGE1.json in Resources */ = {isa = PBXBuildFile; fileRef = 5A6A076228E6F14E00489280 /* CONTENTLISTINGPAGE-PAGE1.json */; };
		5A6A076628E6F14E00489280 /* CONTENTLISTINGPAGE-PAGE2.json in Resources */ = {isa = PBXBuildFile; fileRef = 5A6A076328E6F14E00489280 /* CONTENTLISTINGPAGE-PAGE2.json */; };
		5A6A076828E6F17300489280 /* HomeViewModel.swift in Sources */ = {isa = PBXBuildFile; fileRef = 5A6A076728E6F17300489280 /* HomeViewModel.swift */; };
		5A6A076D28E6F1F900489280 /* ContentItems.swift in Sources */ = {isa = PBXBuildFile; fileRef = 5A6A076928E6F1F900489280 /* ContentItems.swift */; };
		5A6A076E28E6F1F900489280 /* Page.swift in Sources */ = {isa = PBXBuildFile; fileRef = 5A6A076A28E6F1F900489280 /* Page.swift */; };
		5A6A076F28E6F1F900489280 /* Content.swift in Sources */ = {isa = PBXBuildFile; fileRef = 5A6A076B28E6F1F900489280 /* Content.swift */; };
		5A6A077028E6F1F900489280 /* BaseModel.swift in Sources */ = {isa = PBXBuildFile; fileRef = 5A6A076C28E6F1F900489280 /* BaseModel.swift */; };
		5A6A077328E6F51300489280 /* UIViewEx.swift in Sources */ = {isa = PBXBuildFile; fileRef = 5A6A077228E6F51300489280 /* UIViewEx.swift */; };
		5A6A078328E70A2B00489280 /* TitilliumWeb-Bold.ttf in Resources */ = {isa = PBXBuildFile; fileRef = 5A6A077828E70A2B00489280 /* TitilliumWeb-Bold.ttf */; };
		5A6A078428E70A2B00489280 /* TitilliumWeb-ExtraLightItalic.ttf in Resources */ = {isa = PBXBuildFile; fileRef = 5A6A077928E70A2B00489280 /* TitilliumWeb-ExtraLightItalic.ttf */; };
		5A6A078528E70A2B00489280 /* TitilliumWeb-BoldItalic.ttf in Resources */ = {isa = PBXBuildFile; fileRef = 5A6A077A28E70A2B00489280 /* TitilliumWeb-BoldItalic.ttf */; };
		5A6A078628E70A2B00489280 /* TitilliumWeb-Black.ttf in Resources */ = {isa = PBXBuildFile; fileRef = 5A6A077B28E70A2B00489280 /* TitilliumWeb-Black.ttf */; };
		5A6A078728E70A2B00489280 /* TitilliumWeb-Italic.ttf in Resources */ = {isa = PBXBuildFile; fileRef = 5A6A077C28E70A2B00489280 /* TitilliumWeb-Italic.ttf */; };
		5A6A078828E70A2B00489280 /* TitilliumWeb-SemiBoldItalic.ttf in Resources */ = {isa = PBXBuildFile; fileRef = 5A6A077D28E70A2B00489280 /* TitilliumWeb-SemiBoldItalic.ttf */; };
		5A6A078928E70A2B00489280 /* TitilliumWeb-Regular.ttf in Resources */ = {isa = PBXBuildFile; fileRef = 5A6A077E28E70A2B00489280 /* TitilliumWeb-Regular.ttf */; };
		5A6A078A28E70A2B00489280 /* TitilliumWeb-LightItalic.ttf in Resources */ = {isa = PBXBuildFile; fileRef = 5A6A077F28E70A2B00489280 /* TitilliumWeb-LightItalic.ttf */; };
		5A6A078B28E70A2B00489280 /* TitilliumWeb-SemiBold.ttf in Resources */ = {isa = PBXBuildFile; fileRef = 5A6A078028E70A2B00489280 /* TitilliumWeb-SemiBold.ttf */; };
		5A6A078C28E70A2B00489280 /* TitilliumWeb-Light.ttf in Resources */ = {isa = PBXBuildFile; fileRef = 5A6A078128E70A2B00489280 /* TitilliumWeb-Light.ttf */; };
		5A6A078D28E70A2B00489280 /* TitilliumWeb-ExtraLight.ttf in Resources */ = {isa = PBXBuildFile; fileRef = 5A6A078228E70A2B00489280 /* TitilliumWeb-ExtraLight.ttf */; };
		5A83CB3D28E83FE200450E3C /* UIConstants.swift in Sources */ = {isa = PBXBuildFile; fileRef = 5A83CB3C28E83FE200450E3C /* UIConstants.swift */; };
		5A83CB3F28E85AD900450E3C /* MovieListVC.swift in Sources */ = {isa = PBXBuildFile; fileRef = 5A83CB3E28E85AD900450E3C /* MovieListVC.swift */; };
/* End PBXBuildFile section */

/* Begin PBXFileReference section */
		5A288E8B28E75F8D00865A3D /* PosterCVCell.swift */ = {isa = PBXFileReference; lastKnownFileType = sourcecode.swift; path = PosterCVCell.swift; sourceTree = "<group>"; };
		5A6A074328E6F0AF00489280 /* Diagnal.app */ = {isa = PBXFileReference; explicitFileType = wrapper.application; includeInIndex = 0; path = Diagnal.app; sourceTree = BUILT_PRODUCTS_DIR; };
		5A6A074628E6F0AF00489280 /* AppDelegate.swift */ = {isa = PBXFileReference; lastKnownFileType = sourcecode.swift; path = AppDelegate.swift; sourceTree = "<group>"; };
		5A6A074828E6F0AF00489280 /* SceneDelegate.swift */ = {isa = PBXFileReference; lastKnownFileType = sourcecode.swift; path = SceneDelegate.swift; sourceTree = "<group>"; };
		5A6A074A28E6F0AF00489280 /* HomeVC.swift */ = {isa = PBXFileReference; lastKnownFileType = sourcecode.swift; path = HomeVC.swift; sourceTree = "<group>"; };
		5A6A074D28E6F0AF00489280 /* Base */ = {isa = PBXFileReference; lastKnownFileType = file.storyboard; name = Base; path = Base.lproj/Main.storyboard; sourceTree = "<group>"; };
		5A6A074F28E6F0B100489280 /* Assets.xcassets */ = {isa = PBXFileReference; lastKnownFileType = folder.assetcatalog; path = Assets.xcassets; sourceTree = "<group>"; };
		5A6A075228E6F0B100489280 /* Base */ = {isa = PBXFileReference; lastKnownFileType = file.storyboard; name = Base; path = Base.lproj/LaunchScreen.storyboard; sourceTree = "<group>"; };
		5A6A075428E6F0B100489280 /* Info.plist */ = {isa = PBXFileReference; lastKnownFileType = text.plist.xml; path = Info.plist; sourceTree = "<group>"; };
		5A6A076128E6F14E00489280 /* CONTENTLISTINGPAGE-PAGE3.json */ = {isa = PBXFileReference; fileEncoding = 4; lastKnownFileType = text.json; path = "CONTENTLISTINGPAGE-PAGE3.json"; sourceTree = "<group>"; };
		5A6A076228E6F14E00489280 /* CONTENTLISTINGPAGE-PAGE1.json */ = {isa = PBXFileReference; fileEncoding = 4; lastKnownFileType = text.json; path = "CONTENTLISTINGPAGE-PAGE1.json"; sourceTree = "<group>"; };
		5A6A076328E6F14E00489280 /* CONTENTLISTINGPAGE-PAGE2.json */ = {isa = PBXFileReference; fileEncoding = 4; lastKnownFileType = text.json; path = "CONTENTLISTINGPAGE-PAGE2.json"; sourceTree = "<group>"; };
		5A6A076728E6F17300489280 /* HomeViewModel.swift */ = {isa = PBXFileReference; lastKnownFileType = sourcecode.swift; path = HomeViewModel.swift; sourceTree = "<group>"; };
		5A6A076928E6F1F900489280 /* ContentItems.swift */ = {isa = PBXFileReference; fileEncoding = 4; lastKnownFileType = sourcecode.swift; path = ContentItems.swift; sourceTree = "<group>"; };
		5A6A076A28E6F1F900489280 /* Page.swift */ = {isa = PBXFileReference; fileEncoding = 4; lastKnownFileType = sourcecode.swift; path = Page.swift; sourceTree = "<group>"; };
		5A6A076B28E6F1F900489280 /* Content.swift */ = {isa = PBXFileReference; fileEncoding = 4; lastKnownFileType = sourcecode.swift; path = Content.swift; sourceTree = "<group>"; };
		5A6A076C28E6F1F900489280 /* BaseModel.swift */ = {isa = PBXFileReference; fileEncoding = 4; lastKnownFileType = sourcecode.swift; path = BaseModel.swift; sourceTree = "<group>"; };
		5A6A077228E6F51300489280 /* UIViewEx.swift */ = {isa = PBXFileReference; lastKnownFileType = sourcecode.swift; path = UIViewEx.swift; sourceTree = "<group>"; };
		5A6A077828E70A2B00489280 /* TitilliumWeb-Bold.ttf */ = {isa = PBXFileReference; lastKnownFileType = file; path = "TitilliumWeb-Bold.ttf"; sourceTree = "<group>"; };
		5A6A077928E70A2B00489280 /* TitilliumWeb-ExtraLightItalic.ttf */ = {isa = PBXFileReference; lastKnownFileType = file; path = "TitilliumWeb-ExtraLightItalic.ttf"; sourceTree = "<group>"; };
		5A6A077A28E70A2B00489280 /* TitilliumWeb-BoldItalic.ttf */ = {isa = PBXFileReference; lastKnownFileType = file; path = "TitilliumWeb-BoldItalic.ttf"; sourceTree = "<group>"; };
		5A6A077B28E70A2B00489280 /* TitilliumWeb-Black.ttf */ = {isa = PBXFileReference; lastKnownFileType = file; path = "TitilliumWeb-Black.ttf"; sourceTree = "<group>"; };
		5A6A077C28E70A2B00489280 /* TitilliumWeb-Italic.ttf */ = {isa = PBXFileReference; lastKnownFileType = file; path = "TitilliumWeb-Italic.ttf"; sourceTree = "<group>"; };
		5A6A077D28E70A2B00489280 /* TitilliumWeb-SemiBoldItalic.ttf */ = {isa = PBXFileReference; lastKnownFileType = file; path = "TitilliumWeb-SemiBoldItalic.ttf"; sourceTree = "<group>"; };
		5A6A077E28E70A2B00489280 /* TitilliumWeb-Regular.ttf */ = {isa = PBXFileReference; lastKnownFileType = file; path = "TitilliumWeb-Regular.ttf"; sourceTree = "<group>"; };
		5A6A077F28E70A2B00489280 /* TitilliumWeb-LightItalic.ttf */ = {isa = PBXFileReference; lastKnownFileType = file; path = "TitilliumWeb-LightItalic.ttf"; sourceTree = "<group>"; };
		5A6A078028E70A2B00489280 /* TitilliumWeb-SemiBold.ttf */ = {isa = PBXFileReference; lastKnownFileType = file; path = "TitilliumWeb-SemiBold.ttf"; sourceTree = "<group>"; };
		5A6A078128E70A2B00489280 /* TitilliumWeb-Light.ttf */ = {isa = PBXFileReference; lastKnownFileType = file; path = "TitilliumWeb-Light.ttf"; sourceTree = "<group>"; };
		5A6A078228E70A2B00489280 /* TitilliumWeb-ExtraLight.ttf */ = {isa = PBXFileReference; lastKnownFileType = file; path = "TitilliumWeb-ExtraLight.ttf"; sourceTree = "<group>"; };
		5A83CB3C28E83FE200450E3C /* UIConstants.swift */ = {isa = PBXFileReference; lastKnownFileType = sourcecode.swift; path = UIConstants.swift; sourceTree = "<group>"; };
		5A83CB3E28E85AD900450E3C /* MovieListVC.swift */ = {isa = PBXFileReference; lastKnownFileType = sourcecode.swift; path = MovieListVC.swift; sourceTree = "<group>"; };
/* End PBXFileReference section */

/* Begin PBXFrameworksBuildPhase section */
		5A6A074028E6F0AF00489280 /* Frameworks */ = {
			isa = PBXFrameworksBuildPhase;
			buildActionMask = 2147483647;
			files = (
			);
			runOnlyForDeploymentPostprocessing = 0;
		};
/* End PBXFrameworksBuildPhase section */

/* Begin PBXGroup section */
		5A6A073A28E6F0AF00489280 = {
			isa = PBXGroup;
			children = (
				5A6A074528E6F0AF00489280 /* Diagnal */,
				5A6A074428E6F0AF00489280 /* Products */,
			);
			sourceTree = "<group>";
		};
		5A6A074428E6F0AF00489280 /* Products */ = {
			isa = PBXGroup;
			children = (
				5A6A074328E6F0AF00489280 /* Diagnal.app */,
			);
			name = Products;
			sourceTree = "<group>";
		};
		5A6A074528E6F0AF00489280 /* Diagnal */ = {
			isa = PBXGroup;
			children = (
				5A6A075C28E6F0D500489280 /* MVVM */,
				5A6A075B28E6F0CC00489280 /* Delegate */,
				5A6A075A28E6F0BA00489280 /* Storyboards */,
				5A6A077128E6F3AC00489280 /* Extension */,
				5A6A077628E6FF0B00489280 /* Resources */,
				5A6A075428E6F0B100489280 /* Info.plist */,
			);
			path = Diagnal;
			sourceTree = "<group>";
		};
		5A6A075A28E6F0BA00489280 /* Storyboards */ = {
			isa = PBXGroup;
			children = (
				5A6A074C28E6F0AF00489280 /* Main.storyboard */,
				5A6A075128E6F0B100489280 /* LaunchScreen.storyboard */,
			);
			path = Storyboards;
			sourceTree = "<group>";
		};
		5A6A075B28E6F0CC00489280 /* Delegate */ = {
			isa = PBXGroup;
			children = (
				5A6A074628E6F0AF00489280 /* AppDelegate.swift */,
				5A6A074828E6F0AF00489280 /* SceneDelegate.swift */,
			);
			path = Delegate;
			sourceTree = "<group>";
		};
		5A6A075C28E6F0D500489280 /* MVVM */ = {
			isa = PBXGroup;
			children = (
				5A6A074A28E6F0AF00489280 /* HomeVC.swift */,
				5A83CB3E28E85AD900450E3C /* MovieListVC.swift */,
				5A6A075F28E6F0F500489280 /* Models */,
				5A6A075E28E6F0E900489280 /* Views */,
				5A6A075D28E6F0DF00489280 /* ViewModels */,
			);
			path = MVVM;
			sourceTree = "<group>";
		};
		5A6A075D28E6F0DF00489280 /* ViewModels */ = {
			isa = PBXGroup;
			children = (
				5A6A076728E6F17300489280 /* HomeViewModel.swift */,
			);
			path = ViewModels;
			sourceTree = "<group>";
		};
		5A6A075E28E6F0E900489280 /* Views */ = {
			isa = PBXGroup;
			children = (
				5A288E8B28E75F8D00865A3D /* PosterCVCell.swift */,
			);
			path = Views;
			sourceTree = "<group>";
		};
		5A6A075F28E6F0F500489280 /* Models */ = {
			isa = PBXGroup;
			children = (
				5A6A076928E6F1F900489280 /* ContentItems.swift */,
				5A6A076B28E6F1F900489280 /* Content.swift */,
				5A6A076C28E6F1F900489280 /* BaseModel.swift */,
				5A6A076A28E6F1F900489280 /* Page.swift */,
			);
			path = Models;
			sourceTree = "<group>";
		};
		5A6A076028E6F12D00489280 /* JSONs */ = {
			isa = PBXGroup;
			children = (
				5A6A076228E6F14E00489280 /* CONTENTLISTINGPAGE-PAGE1.json */,
				5A6A076328E6F14E00489280 /* CONTENTLISTINGPAGE-PAGE2.json */,
				5A6A076128E6F14E00489280 /* CONTENTLISTINGPAGE-PAGE3.json */,
			);
			path = JSONs;
			sourceTree = "<group>";
		};
		5A6A077128E6F3AC00489280 /* Extension */ = {
			isa = PBXGroup;
			children = (
				5A6A077228E6F51300489280 /* UIViewEx.swift */,
			);
			path = Extension;
			sourceTree = "<group>";
		};
		5A6A077628E6FF0B00489280 /* Resources */ = {
			isa = PBXGroup;
			children = (
				5A6A074F28E6F0B100489280 /* Assets.xcassets */,
				5A83CB3C28E83FE200450E3C /* UIConstants.swift */,
				5A6A077728E709B300489280 /* Font */,
				5A6A076028E6F12D00489280 /* JSONs */,
			);
			path = Resources;
			sourceTree = "<group>";
		};
		5A6A077728E709B300489280 /* Font */ = {
			isa = PBXGroup;
			children = (
				5A6A077B28E70A2B00489280 /* TitilliumWeb-Black.ttf */,
				5A6A077828E70A2B00489280 /* TitilliumWeb-Bold.ttf */,
				5A6A077A28E70A2B00489280 /* TitilliumWeb-BoldItalic.ttf */,
				5A6A078228E70A2B00489280 /* TitilliumWeb-ExtraLight.ttf */,
				5A6A077928E70A2B00489280 /* TitilliumWeb-ExtraLightItalic.ttf */,
				5A6A077C28E70A2B00489280 /* TitilliumWeb-Italic.ttf */,
				5A6A078128E70A2B00489280 /* TitilliumWeb-Light.ttf */,
				5A6A077F28E70A2B00489280 /* TitilliumWeb-LightItalic.ttf */,
				5A6A077E28E70A2B00489280 /* TitilliumWeb-Regular.ttf */,
				5A6A078028E70A2B00489280 /* TitilliumWeb-SemiBold.ttf */,
				5A6A077D28E70A2B00489280 /* TitilliumWeb-SemiBoldItalic.ttf */,
			);
			path = Font;
			sourceTree = "<group>";
		};
/* End PBXGroup section */

/* Begin PBXNativeTarget section */
		5A6A074228E6F0AF00489280 /* Diagnal */ = {
			isa = PBXNativeTarget;
			buildConfigurationList = 5A6A075728E6F0B100489280 /* Build configuration list for PBXNativeTarget "Diagnal" */;
			buildPhases = (
				5A6A073F28E6F0AF00489280 /* Sources */,
				5A6A074028E6F0AF00489280 /* Frameworks */,
				5A6A074128E6F0AF00489280 /* Resources */,
			);
			buildRules = (
			);
			dependencies = (
			);
			name = Diagnal;
			productName = Diagnal;
			productReference = 5A6A074328E6F0AF00489280 /* Diagnal.app */;
			productType = "com.apple.product-type.application";
		};
/* End PBXNativeTarget section */

/* Begin PBXProject section */
		5A6A073B28E6F0AF00489280 /* Project object */ = {
			isa = PBXProject;
			attributes = {
				BuildIndependentTargetsInParallel = 1;
				LastSwiftUpdateCheck = 1330;
				LastUpgradeCheck = 1330;
				TargetAttributes = {
					5A6A074228E6F0AF00489280 = {
						CreatedOnToolsVersion = 13.3.1;
					};
				};
			};
			buildConfigurationList = 5A6A073E28E6F0AF00489280 /* Build configuration list for PBXProject "Diagnal" */;
			compatibilityVersion = "Xcode 13.0";
			developmentRegion = en;
			hasScannedForEncodings = 0;
			knownRegions = (
				en,
				Base,
			);
			mainGroup = 5A6A073A28E6F0AF00489280;
			productRefGroup = 5A6A074428E6F0AF00489280 /* Products */;
			projectDirPath = "";
			projectRoot = "";
			targets = (
				5A6A074228E6F0AF00489280 /* Diagnal */,
			);
		};
/* End PBXProject section */

/* Begin PBXResourcesBuildPhase section */
		5A6A074128E6F0AF00489280 /* Resources */ = {
			isa = PBXResourcesBuildPhase;
			buildActionMask = 2147483647;
			files = (
				5A6A078D28E70A2B00489280 /* TitilliumWeb-ExtraLight.ttf in Resources */,
				5A6A078828E70A2B00489280 /* TitilliumWeb-SemiBoldItalic.ttf in Resources */,
				5A6A076428E6F14E00489280 /* CONTENTLISTINGPAGE-PAGE3.json in Resources */,
				5A6A078C28E70A2B00489280 /* TitilliumWeb-Light.ttf in Resources */,
				5A6A078A28E70A2B00489280 /* TitilliumWeb-LightItalic.ttf in Resources */,
				5A6A075328E6F0B100489280 /* LaunchScreen.storyboard in Resources */,
				5A6A078928E70A2B00489280 /* TitilliumWeb-Regular.ttf in Resources */,
				5A6A076528E6F14E00489280 /* CONTENTLISTINGPAGE-PAGE1.json in Resources */,
				5A6A078328E70A2B00489280 /* TitilliumWeb-Bold.ttf in Resources */,
				5A6A076628E6F14E00489280 /* CONTENTLISTINGPAGE-PAGE2.json in Resources */,
				5A6A078628E70A2B00489280 /* TitilliumWeb-Black.ttf in Resources */,
				5A6A078728E70A2B00489280 /* TitilliumWeb-Italic.ttf in Resources */,
				5A6A078428E70A2B00489280 /* TitilliumWeb-ExtraLightItalic.ttf in Resources */,
				5A6A075028E6F0B100489280 /* Assets.xcassets in Resources */,
				5A6A078528E70A2B00489280 /* TitilliumWeb-BoldItalic.ttf in Resources */,
				5A6A078B28E70A2B00489280 /* TitilliumWeb-SemiBold.ttf in Resources */,
				5A6A074E28E6F0AF00489280 /* Main.storyboard in Resources */,
			);
			runOnlyForDeploymentPostprocessing = 0;
		};
/* End PBXResourcesBuildPhase section */

/* Begin PBXSourcesBuildPhase section */
		5A6A073F28E6F0AF00489280 /* Sources */ = {
			isa = PBXSourcesBuildPhase;
			buildActionMask = 2147483647;
			files = (
				5A6A076D28E6F1F900489280 /* ContentItems.swift in Sources */,
				5A6A074B28E6F0AF00489280 /* HomeVC.swift in Sources */,
				5A6A077328E6F51300489280 /* UIViewEx.swift in Sources */,
				5A83CB3F28E85AD900450E3C /* MovieListVC.swift in Sources */,
				5A6A076F28E6F1F900489280 /* Content.swift in Sources */,
				5A6A076E28E6F1F900489280 /* Page.swift in Sources */,
				5A6A074728E6F0AF00489280 /* AppDelegate.swift in Sources */,
				5A6A077028E6F1F900489280 /* BaseModel.swift in Sources */,
				5A6A074928E6F0AF00489280 /* SceneDelegate.swift in Sources */,
				5A288E8C28E75F8D00865A3D /* PosterCVCell.swift in Sources */,
				5A6A076828E6F17300489280 /* HomeViewModel.swift in Sources */,
				5A83CB3D28E83FE200450E3C /* UIConstants.swift in Sources */,
			);
			runOnlyForDeploymentPostprocessing = 0;
		};
/* End PBXSourcesBuildPhase section */

/* Begin PBXVariantGroup section */
		5A6A074C28E6F0AF00489280 /* Main.storyboard */ = {
			isa = PBXVariantGroup;
			children = (
				5A6A074D28E6F0AF00489280 /* Base */,
			);
			name = Main.storyboard;
			sourceTree = "<group>";
		};
		5A6A075128E6F0B100489280 /* LaunchScreen.storyboard */ = {
			isa = PBXVariantGroup;
			children = (
				5A6A075228E6F0B100489280 /* Base */,
			);
			name = LaunchScreen.storyboard;
			sourceTree = "<group>";
		};
/* End PBXVariantGroup section */

/* Begin XCBuildConfiguration section */
		5A6A075528E6F0B100489280 /* Debug */ = {
			isa = XCBuildConfiguration;
			buildSettings = {
				ALWAYS_SEARCH_USER_PATHS = NO;
				CLANG_ANALYZER_NONNULL = YES;
				CLANG_ANALYZER_NUMBER_OBJECT_CONVERSION = YES_AGGRESSIVE;
				CLANG_CXX_LANGUAGE_STANDARD = "gnu++17";
				CLANG_ENABLE_MODULES = YES;
				CLANG_ENABLE_OBJC_ARC = YES;
				CLANG_ENABLE_OBJC_WEAK = YES;
				CLANG_WARN_BLOCK_CAPTURE_AUTORELEASING = YES;
				CLANG_WARN_BOOL_CONVERSION = YES;
				CLANG_WARN_COMMA = YES;
				CLANG_WARN_CONSTANT_CONVERSION = YES;
				CLANG_WARN_DEPRECATED_OBJC_IMPLEMENTATIONS = YES;
				CLANG_WARN_DIRECT_OBJC_ISA_USAGE = YES_ERROR;
				CLANG_WARN_DOCUMENTATION_COMMENTS = YES;
				CLANG_WARN_EMPTY_BODY = YES;
				CLANG_WARN_ENUM_CONVERSION = YES;
				CLANG_WARN_INFINITE_RECURSION = YES;
				CLANG_WARN_INT_CONVERSION = YES;
				CLANG_WARN_NON_LITERAL_NULL_CONVERSION = YES;
				CLANG_WARN_OBJC_IMPLICIT_RETAIN_SELF = YES;
				CLANG_WARN_OBJC_LITERAL_CONVERSION = YES;
				CLANG_WARN_OBJC_ROOT_CLASS = YES_ERROR;
				CLANG_WARN_QUOTED_INCLUDE_IN_FRAMEWORK_HEADER = YES;
				CLANG_WARN_RANGE_LOOP_ANALYSIS = YES;
				CLANG_WARN_STRICT_PROTOTYPES = YES;
				CLANG_WARN_SUSPICIOUS_MOVE = YES;
				CLANG_WARN_UNGUARDED_AVAILABILITY = YES_AGGRESSIVE;
				CLANG_WARN_UNREACHABLE_CODE = YES;
				CLANG_WARN__DUPLICATE_METHOD_MATCH = YES;
				COPY_PHASE_STRIP = NO;
				DEBUG_INFORMATION_FORMAT = dwarf;
				ENABLE_STRICT_OBJC_MSGSEND = YES;
				ENABLE_TESTABILITY = YES;
				GCC_C_LANGUAGE_STANDARD = gnu11;
				GCC_DYNAMIC_NO_PIC = NO;
				GCC_NO_COMMON_BLOCKS = YES;
				GCC_OPTIMIZATION_LEVEL = 0;
				GCC_PREPROCESSOR_DEFINITIONS = (
					"DEBUG=1",
					"$(inherited)",
				);
				GCC_WARN_64_TO_32_BIT_CONVERSION = YES;
				GCC_WARN_ABOUT_RETURN_TYPE = YES_ERROR;
				GCC_WARN_UNDECLARED_SELECTOR = YES;
				GCC_WARN_UNINITIALIZED_AUTOS = YES_AGGRESSIVE;
				GCC_WARN_UNUSED_FUNCTION = YES;
				GCC_WARN_UNUSED_VARIABLE = YES;
				IPHONEOS_DEPLOYMENT_TARGET = 15.4;
				MTL_ENABLE_DEBUG_INFO = INCLUDE_SOURCE;
				MTL_FAST_MATH = YES;
				ONLY_ACTIVE_ARCH = YES;
				SDKROOT = iphoneos;
				SWIFT_ACTIVE_COMPILATION_CONDITIONS = DEBUG;
				SWIFT_OPTIMIZATION_LEVEL = "-Onone";
			};
			name = Debug;
		};
		5A6A075628E6F0B100489280 /* Release */ = {
			isa = XCBuildConfiguration;
			buildSettings = {
				ALWAYS_SEARCH_USER_PATHS = NO;
				CLANG_ANALYZER_NONNULL = YES;
				CLANG_ANALYZER_NUMBER_OBJECT_CONVERSION = YES_AGGRESSIVE;
				CLANG_CXX_LANGUAGE_STANDARD = "gnu++17";
				CLANG_ENABLE_MODULES = YES;
				CLANG_ENABLE_OBJC_ARC = YES;
				CLANG_ENABLE_OBJC_WEAK = YES;
				CLANG_WARN_BLOCK_CAPTURE_AUTORELEASING = YES;
				CLANG_WARN_BOOL_CONVERSION = YES;
				CLANG_WARN_COMMA = YES;
				CLANG_WARN_CONSTANT_CONVERSION = YES;
				CLANG_WARN_DEPRECATED_OBJC_IMPLEMENTATIONS = YES;
				CLANG_WARN_DIRECT_OBJC_ISA_USAGE = YES_ERROR;
				CLANG_WARN_DOCUMENTATION_COMMENTS = YES;
				CLANG_WARN_EMPTY_BODY = YES;
				CLANG_WARN_ENUM_CONVERSION = YES;
				CLANG_WARN_INFINITE_RECURSION = YES;
				CLANG_WARN_INT_CONVERSION = YES;
				CLANG_WARN_NON_LITERAL_NULL_CONVERSION = YES;
				CLANG_WARN_OBJC_IMPLICIT_RETAIN_SELF = YES;
				CLANG_WARN_OBJC_LITERAL_CONVERSION = YES;
				CLANG_WARN_OBJC_ROOT_CLASS = YES_ERROR;
				CLANG_WARN_QUOTED_INCLUDE_IN_FRAMEWORK_HEADER = YES;
				CLANG_WARN_RANGE_LOOP_ANALYSIS = YES;
				CLANG_WARN_STRICT_PROTOTYPES = YES;
				CLANG_WARN_SUSPICIOUS_MOVE = YES;
				CLANG_WARN_UNGUARDED_AVAILABILITY = YES_AGGRESSIVE;
				CLANG_WARN_UNREACHABLE_CODE = YES;
				CLANG_WARN__DUPLICATE_METHOD_MATCH = YES;
				COPY_PHASE_STRIP = NO;
				DEBUG_INFORMATION_FORMAT = "dwarf-with-dsym";
				ENABLE_NS_ASSERTIONS = NO;
				ENABLE_STRICT_OBJC_MSGSEND = YES;
				GCC_C_LANGUAGE_STANDARD = gnu11;
				GCC_NO_COMMON_BLOCKS = YES;
				GCC_WARN_64_TO_32_BIT_CONVERSION = YES;
				GCC_WARN_ABOUT_RETURN_TYPE = YES_ERROR;
				GCC_WARN_UNDECLARED_SELECTOR = YES;
				GCC_WARN_UNINITIALIZED_AUTOS = YES_AGGRESSIVE;
				GCC_WARN_UNUSED_FUNCTION = YES;
				GCC_WARN_UNUSED_VARIABLE = YES;
				IPHONEOS_DEPLOYMENT_TARGET = 15.4;
				MTL_ENABLE_DEBUG_INFO = NO;
				MTL_FAST_MATH = YES;
				SDKROOT = iphoneos;
				SWIFT_COMPILATION_MODE = wholemodule;
				SWIFT_OPTIMIZATION_LEVEL = "-O";
				VALIDATE_PRODUCT = YES;
			};
			name = Release;
		};
		5A6A075828E6F0B100489280 /* Debug */ = {
			isa = XCBuildConfiguration;
			buildSettings = {
				ASSETCATALOG_COMPILER_APPICON_NAME = AppIcon;
				ASSETCATALOG_COMPILER_GLOBAL_ACCENT_COLOR_NAME = AccentColor;
				CODE_SIGN_STYLE = Automatic;
				CURRENT_PROJECT_VERSION = 1;
				GENERATE_INFOPLIST_FILE = YES;
				INFOPLIST_FILE = Diagnal/Info.plist;
				INFOPLIST_KEY_UIApplicationSupportsIndirectInputEvents = YES;
				INFOPLIST_KEY_UILaunchStoryboardName = LaunchScreen;
				INFOPLIST_KEY_UIMainStoryboardFile = Main;
				INFOPLIST_KEY_UISupportedInterfaceOrientations_iPad = "UIInterfaceOrientationPortrait UIInterfaceOrientationPortraitUpsideDown UIInterfaceOrientationLandscapeLeft UIInterfaceOrientationLandscapeRight";
				INFOPLIST_KEY_UISupportedInterfaceOrientations_iPhone = "UIInterfaceOrientationPortrait UIInterfaceOrientationLandscapeLeft UIInterfaceOrientationLandscapeRight";
				LD_RUNPATH_SEARCH_PATHS = (
					"$(inherited)",
					"@executable_path/Frameworks",
				);
				MARKETING_VERSION = 1.0;
				PRODUCT_BUNDLE_IDENTIFIER = GodwinA.Diagnal;
				PRODUCT_NAME = "$(TARGET_NAME)";
				SWIFT_EMIT_LOC_STRINGS = YES;
				SWIFT_VERSION = 5.0;
				TARGETED_DEVICE_FAMILY = "1,2";
			};
			name = Debug;
		};
		5A6A075928E6F0B100489280 /* Release */ = {
			isa = XCBuildConfiguration;
			buildSettings = {
				ASSETCATALOG_COMPILER_APPICON_NAME = AppIcon;
				ASSETCATALOG_COMPILER_GLOBAL_ACCENT_COLOR_NAME = AccentColor;
				CODE_SIGN_STYLE = Automatic;
				CURRENT_PROJECT_VERSION = 1;
				GENERATE_INFOPLIST_FILE = YES;
				INFOPLIST_FILE = Diagnal/Info.plist;
				INFOPLIST_KEY_UIApplicationSupportsIndirectInputEvents = YES;
				INFOPLIST_KEY_UILaunchStoryboardName = LaunchScreen;
				INFOPLIST_KEY_UIMainStoryboardFile = Main;
				INFOPLIST_KEY_UISupportedInterfaceOrientations_iPad = "UIInterfaceOrientationPortrait UIInterfaceOrientationPortraitUpsideDown UIInterfaceOrientationLandscapeLeft UIInterfaceOrientationLandscapeRight";
				INFOPLIST_KEY_UISupportedInterfaceOrientations_iPhone = "UIInterfaceOrientationPortrait UIInterfaceOrientationLandscapeLeft UIInterfaceOrientationLandscapeRight";
				LD_RUNPATH_SEARCH_PATHS = (
					"$(inherited)",
					"@executable_path/Frameworks",
				);
				MARKETING_VERSION = 1.0;
				PRODUCT_BUNDLE_IDENTIFIER = GodwinA.Diagnal;
				PRODUCT_NAME = "$(TARGET_NAME)";
				SWIFT_EMIT_LOC_STRINGS = YES;
				SWIFT_VERSION = 5.0;
				TARGETED_DEVICE_FAMILY = "1,2";
			};
			name = Release;
		};
/* End XCBuildConfiguration section */

/* Begin XCConfigurationList section */
		5A6A073E28E6F0AF00489280 /* Build configuration list for PBXProject "Diagnal" */ = {
			isa = XCConfigurationList;
			buildConfigurations = (
				5A6A075528E6F0B100489280 /* Debug */,
				5A6A075628E6F0B100489280 /* Release */,
			);
			defaultConfigurationIsVisible = 0;
			defaultConfigurationName = Release;
		};
		5A6A075728E6F0B100489280 /* Build configuration list for PBXNativeTarget "Diagnal" */ = {
			isa = XCConfigurationList;
			buildConfigurations = (
				5A6A075828E6F0B100489280 /* Debug */,
				5A6A075928E6F0B100489280 /* Release */,
			);
			defaultConfigurationIsVisible = 0;
			defaultConfigurationName = Release;
		};
/* End XCConfigurationList section */
	};
	rootObject = 5A6A073B28E6F0AF00489280 /* Project object */;
}
